
Microsoft Visual Studio Solution File, Format Version 12.00
# Visual Studio Version 16
VisualStudioVersion = 16.0.29509.3
MinimumVisualStudioVersion = 10.0.40219.1
Project("{FAE04EC0-301F-11D3-BF4B-00C04F79EFBC}") = "capa_Negocio", "capa_Negocio\capa_Negocio.csproj", "{764A031F-B098-4B49-9FE9-2055C4841EB0}"
EndProject
Global
	GlobalSection(SolutionConfigurationPlatforms) = preSolution
		Debug|Any CPU = Debug|Any CPU
		Release|Any CPU = Release|Any CPU
	EndGlobalSection
	GlobalSection(ProjectConfigurationPlatforms) = postSolution
		{764A031F-B098-4B49-9FE9-2055C4841EB0}.Debug|Any CPU.ActiveCfg = Debug|Any CPU
		{764A031F-B098-4B49-9FE9-2055C4841EB0}.Debug|Any CPU.Build.0 = Debug|Any CPU
		{764A031F-B098-4B49-9FE9-2055C4841EB0}.Release|Any CPU.ActiveCfg = Release|Any CPU
		{764A031F-B098-4B49-9FE9-2055C4841EB0}.Release|Any CPU.Build.0 = Release|Any CPU
	EndGlobalSection
	GlobalSection(SolutionProperties) = preSolution
		HideSolutionNode = FALSE
	EndGlobalSection
	GlobalSection(ExtensibilityGlobals) = postSolution
		SolutionGuid = {45C29A5D-7CDB-4928-AFC0-850E7E3B52A9}
	EndGlobalSection
EndGlobal
